
Microsoft Visual Studio Solution File, Format Version 12.00
# Visual Studio Version 17
VisualStudioVersion = 17.0.31919.166
MinimumVisualStudioVersion = 10.0.40219.1
Project("{2150E333-8FDC-42A3-9474-1A3956D46DE8}") = "Services", "Services", "{D3138150-D82E-406C-B152-152B33DB4CB1}"
EndProject
Project("{2150E333-8FDC-42A3-9474-1A3956D46DE8}") = "Catalog", "Catalog", "{FFA898FF-2D97-4F24-91D8-294CD44E8244}"
EndProject
Project("{9A19103F-16F7-4668-BE54-9A1E7A4F7556}") = "Catalog.API", "Services\Catalog\Catalog.API\Catalog.API.csproj", "{2FD384E4-2FBD-42A6-859B-5636B06D7071}"
EndProject
Project("{E53339B2-1760-4266-BCC7-CA923CBCF16C}") = "docker-compose", "docker-compose.dcproj", "{F3CE0DD6-0634-4525-8F04-6C1BBB5AC4DE}"
EndProject
Project("{2150E333-8FDC-42A3-9474-1A3956D46DE8}") = "Basket", "Basket", "{5CFC60B4-80DE-4FB0-831B-956F74A566B6}"
EndProject
Project("{9A19103F-16F7-4668-BE54-9A1E7A4F7556}") = "Basket.API", "Services\Basket\Basket.API\Basket.API.csproj", "{278F474D-DEF1-42C3-81BA-DCCD641A9BC8}"
EndProject
Project("{2150E333-8FDC-42A3-9474-1A3956D46DE8}") = "Discount", "Discount", "{49334A9E-6540-45ED-98CE-C0C5ED22A70D}"
EndProject
Project("{9A19103F-16F7-4668-BE54-9A1E7A4F7556}") = "Discount.API", "Services\Discount\Discount.API\Discount.API.csproj", "{B4705911-939D-4D37-BB11-E30775981A40}"
EndProject
Project("{FAE04EC0-301F-11D3-BF4B-00C04F79EFBC}") = "Discount.Grpc", "Services\Discount\Discount.Grpc\Discount.Grpc.csproj", "{B7DFC976-BE4E-4EE2-94BE-87B186C06AE8}"
EndProject
Global
	GlobalSection(SolutionConfigurationPlatforms) = preSolution
		Debug|Any CPU = Debug|Any CPU
		Release|Any CPU = Release|Any CPU
	EndGlobalSection
	GlobalSection(ProjectConfigurationPlatforms) = postSolution
		{2FD384E4-2FBD-42A6-859B-5636B06D7071}.Debug|Any CPU.ActiveCfg = Debug|Any CPU
		{2FD384E4-2FBD-42A6-859B-5636B06D7071}.Debug|Any CPU.Build.0 = Debug|Any CPU
		{2FD384E4-2FBD-42A6-859B-5636B06D7071}.Release|Any CPU.ActiveCfg = Release|Any CPU
		{2FD384E4-2FBD-42A6-859B-5636B06D7071}.Release|Any CPU.Build.0 = Release|Any CPU
		{F3CE0DD6-0634-4525-8F04-6C1BBB5AC4DE}.Debug|Any CPU.ActiveCfg = Debug|Any CPU
		{F3CE0DD6-0634-4525-8F04-6C1BBB5AC4DE}.Debug|Any CPU.Build.0 = Debug|Any CPU
		{F3CE0DD6-0634-4525-8F04-6C1BBB5AC4DE}.Release|Any CPU.ActiveCfg = Release|Any CPU
		{F3CE0DD6-0634-4525-8F04-6C1BBB5AC4DE}.Release|Any CPU.Build.0 = Release|Any CPU
		{278F474D-DEF1-42C3-81BA-DCCD641A9BC8}.Debug|Any CPU.ActiveCfg = Debug|Any CPU
		{278F474D-DEF1-42C3-81BA-DCCD641A9BC8}.Debug|Any CPU.Build.0 = Debug|Any CPU
		{278F474D-DEF1-42C3-81BA-DCCD641A9BC8}.Release|Any CPU.ActiveCfg = Release|Any CPU
		{278F474D-DEF1-42C3-81BA-DCCD641A9BC8}.Release|Any CPU.Build.0 = Release|Any CPU
		{B4705911-939D-4D37-BB11-E30775981A40}.Debug|Any CPU.ActiveCfg = Debug|Any CPU
		{B4705911-939D-4D37-BB11-E30775981A40}.Debug|Any CPU.Build.0 = Debug|Any CPU
		{B4705911-939D-4D37-BB11-E30775981A40}.Release|Any CPU.ActiveCfg = Release|Any CPU
		{B4705911-939D-4D37-BB11-E30775981A40}.Release|Any CPU.Build.0 = Release|Any CPU
		{B7DFC976-BE4E-4EE2-94BE-87B186C06AE8}.Debug|Any CPU.ActiveCfg = Debug|Any CPU
		{B7DFC976-BE4E-4EE2-94BE-87B186C06AE8}.Debug|Any CPU.Build.0 = Debug|Any CPU
		{B7DFC976-BE4E-4EE2-94BE-87B186C06AE8}.Release|Any CPU.ActiveCfg = Release|Any CPU
		{B7DFC976-BE4E-4EE2-94BE-87B186C06AE8}.Release|Any CPU.Build.0 = Release|Any CPU
	EndGlobalSection
	GlobalSection(SolutionProperties) = preSolution
		HideSolutionNode = FALSE
	EndGlobalSection
	GlobalSection(NestedProjects) = preSolution
		{FFA898FF-2D97-4F24-91D8-294CD44E8244} = {D3138150-D82E-406C-B152-152B33DB4CB1}
		{2FD384E4-2FBD-42A6-859B-5636B06D7071} = {FFA898FF-2D97-4F24-91D8-294CD44E8244}
		{5CFC60B4-80DE-4FB0-831B-956F74A566B6} = {D3138150-D82E-406C-B152-152B33DB4CB1}
		{278F474D-DEF1-42C3-81BA-DCCD641A9BC8} = {5CFC60B4-80DE-4FB0-831B-956F74A566B6}
		{49334A9E-6540-45ED-98CE-C0C5ED22A70D} = {D3138150-D82E-406C-B152-152B33DB4CB1}
		{B4705911-939D-4D37-BB11-E30775981A40} = {49334A9E-6540-45ED-98CE-C0C5ED22A70D}
		{B7DFC976-BE4E-4EE2-94BE-87B186C06AE8} = {49334A9E-6540-45ED-98CE-C0C5ED22A70D}
	EndGlobalSection
	GlobalSection(ExtensibilityGlobals) = postSolution
		SolutionGuid = {20410FD8-7C2D-4F82-9B59-458A77E229A5}
	EndGlobalSection
EndGlobal
